// !$*UTF8*$!
{
	archiveVersion = 1;
	classes = {
	};
	objectVersion = 110;
	objects = {

/* Begin PBXContainerItemProxy section */
		044DF5323073F95800938D87 /* PBXContainerItemProxy */ = {
			isa = PBXContainerItemProxy;
			containerPortal = 044DF51C3073F95500938D87 /* Project object */;
			proxyType = 1;
			remoteGlobalIDString = 044DF5233073F95500938D87;
			remoteInfo = VASample;
		};
		044DF53C3073F95800938D87 /* PBXContainerItemProxy */ = {
			isa = PBXContainerItemProxy;
			containerPortal = 044DF51C3073F95500938D87 /* Project object */;
			proxyType = 1;
			remoteGlobalIDString = 044DF5233073F95500938D87;
			remoteInfo = VASample;
		};
/* End PBXContainerItemProxy section */

/* Begin PBXFileReference section */
		044DF5243073F95500938D87 /* VASample.app */ = {isa = PBXFileReference; explicitFileType = wrapper.application; includeInIndex = 0; path = VASample.app; sourceTree = BUILT_PRODUCTS_DIR; };
		044DF5313073F95800938D87 /* VASampleTests.xctest */ = {isa = PBXFileReference; explicitFileType = wrapper.cfbundle; includeInIndex = 0; path = VASampleTests.xctest; sourceTree = BUILT_PRODUCTS_DIR; };
		044DF53B3073F95800938D87 /* VASampleUITests.xctest */ = {isa = PBXFileReference; explicitFileType = wrapper.cfbundle; includeInIndex = 0; path = VASampleUITests.xctest; sourceTree = BUILT_PRODUCTS_DIR; };
/* End PBXFileReference section */

/* Begin PBXFileSystemSynchronizedRootGroup section */
		044DF5263073F95500938D87 /* VASample */ = {
			isa = PBXFileSystemSynchronizedRootGroup;
			path = VASample;
			sourceTree = "<group>";
		};
		044DF5343073F95800938D87 /* VASampleTests */ = {
			isa = PBXFileSystemSynchronizedRootGroup;
			path = VASampleTests;
			sourceTree = "<group>";
		};
		044DF53E3073F95800938D87 /* VASampleUITests */ = {
			isa = PBXFileSystemSynchronizedRootGroup;
			path = VASampleUITests;
			sourceTree = "<group>";
		};
/* End PBXFileSystemSynchronizedRootGroup section */

/* Begin PBXFrameworksBuildPhase section */
		044DF5213073F95500938D87 /* Frameworks */ = {
			isa = PBXFrameworksBuildPhase;
			files = (
			);
		};
		044DF52E3073F95800938D87 /* Frameworks */ = {
			isa = PBXFrameworksBuildPhase;
			files = (
			);
		};
		044DF5383073F95800938D87 /* Frameworks */ = {
			isa = PBXFrameworksBuildPhase;
			files = (
			);
		};
/* End PBXFrameworksBuildPhase section */

/* Begin PBXGroup section */
		044DF51B3073F95500938D87 = {
			isa = PBXGroup;
			children = (
				044DF5263073F95500938D87 /* VASample */,
				044DF5343073F95800938D87 /* VASampleTests */,
				044DF53E3073F95800938D87 /* VASampleUITests */,
				044DF5253073F95500938D87 /* Products */,
			);
			sourceTree = "<group>";
		};
		044DF5253073F95500938D87 /* Products */ = {
			isa = PBXGroup;
			children = (
				044DF5243073F95500938D87 /* VASample.app */,
				044DF5313073F95800938D87 /* VASampleTests.xctest */,
				044DF53B3073F95800938D87 /* VASampleUITests.xctest */,
			);
			name = Products;
			sourceTree = "<group>";
		};
/* End PBXGroup section */

/* Begin PBXNativeTarget section */
		044DF5233073F95500938D87 /* VASample */ = {
			isa = PBXNativeTarget;
			buildConfigurationList = 044DF5433073F95800938D87 /* Build configuration list for PBXNativeTarget "VASample" */;
			buildPhases = (
				044DF5203073F95500938D87 /* Sources */,
				044DF5213073F95500938D87 /* Frameworks */,
				044DF5223073F95500938D87 /* Resources */,
			);
			buildRules = (
			);
			fileSystemSynchronizedGroups = (
				044DF5263073F95500938D87 /* VASample */,
			);
			name = VASample;
			productName = VASample;
			productReference = 044DF5243073F95500938D87 /* VASample.app */;
			productType = "com.apple.product-type.application";
		};
		044DF5303073F95800938D87 /* VASampleTests */ = {
			isa = PBXNativeTarget;
			buildConfigurationList = 044DF5463073F95800938D87 /* Build configuration list for PBXNativeTarget "VASampleTests" */;
			buildPhases = (
				044DF52D3073F95800938D87 /* Sources */,
				044DF52E3073F95800938D87 /* Frameworks */,
				044DF52F3073F95800938D87 /* Resources */,
			);
			buildRules = (
			);
			dependencies = (
				044DF5333073F95800938D87 /* PBXTargetDependency */,
			);
			fileSystemSynchronizedGroups = (
				044DF5343073F95800938D87 /* VASampleTests */,
			);
			name = VASampleTests;
			productName = VASampleTests;
			productReference = 044DF5313073F95800938D87 /* VASampleTests.xctest */;
			productType = "com.apple.product-type.bundle.unit-test";
		};
		044DF53A3073F95800938D87 /* VASampleUITests */ = {
			isa = PBXNativeTarget;
			buildConfigurationList = 044DF5493073F95800938D87 /* Build configuration list for PBXNativeTarget "VASampleUITests" */;
			buildPhases = (
				044DF5373073F95800938D87 /* Sources */,
				044DF5383073F95800938D87 /* Frameworks */,
				044DF5393073F95800938D87 /* Resources */,
			);
			buildRules = (
			);
			dependencies = (
				044DF53D3073F95800938D87 /* PBXTargetDependency */,
			);
			fileSystemSynchronizedGroups = (
				044DF53E3073F95800938D87 /* VASampleUITests */,
			);
			name = VASampleUITests;
			productName = VASampleUITests;
			productReference = 044DF53B3073F95800938D87 /* VASampleUITests.xctest */;
			productType = "com.apple.product-type.bundle.ui-testing";
		};
/* End PBXNativeTarget section */

/* Begin PBXProject section */
		044DF51C3073F95500938D87 /* Project object */ = {
			isa = PBXProject;
			attributes = {
				BuildIndependentTargetsInParallel = 1;
				LastSwiftUpdateCheck = 2700;
				LastUpgradeCheck = 2700;
				TargetAttributes = {
					044DF5233073F95500938D87 = {
						CreatedOnToolsVersion = 27.0;
					};
					044DF5303073F95800938D87 = {
						CreatedOnToolsVersion = 27.0;
						TestTargetID = 044DF5233073F95500938D87;
					};
					044DF53A3073F95800938D87 = {
						CreatedOnToolsVersion = 27.0;
						TestTargetID = 044DF5233073F95500938D87;
					};
				};
			};
			buildConfigurationList = 044DF51F3073F95500938D87 /* Build configuration list for PBXProject "VASample" */;
			developmentRegion = en;
			hasScannedForEncodings = 0;
			knownRegions = (
				en,
				Base,
			);
			mainGroup = 044DF51B3073F95500938D87;
			minimizedProjectReferenceProxies = 1;
			preferredProjectObjectVersion = 77;
			productRefGroup = 044DF5253073F95500938D87 /* Products */;
			projectDirPath = "";
			projectRoot = "";
			targets = (
				044DF5233073F95500938D87 /* VASample */,
				044DF5303073F95800938D87 /* VASampleTests */,
				044DF53A3073F95800938D87 /* VASampleUITests */,
			);
		};
/* End PBXProject section */

/* Begin PBXResourcesBuildPhase section */
		044DF5223073F95500938D87 /* Resources */ = {
			isa = PBXResourcesBuildPhase;
			files = (
			);
		};
		044DF52F3073F95800938D87 /* Resources */ = {
			isa = PBXResourcesBuildPhase;
			files = (
			);
		};
		044DF5393073F95800938D87 /* Resources */ = {
			isa = PBXResourcesBuildPhase;
			files = (
			);
		};
/* End PBXResourcesBuildPhase section */

/* Begin PBXSourcesBuildPhase section */
		044DF5203073F95500938D87 /* Sources */ = {
			isa = PBXSourcesBuildPhase;
			files = (
			);
		};
		044DF52D3073F95800938D87 /* Sources */ = {
			isa = PBXSourcesBuildPhase;
			files = (
			);
		};
		044DF5373073F95800938D87 /* Sources */ = {
			isa = PBXSourcesBuildPhase;
			files = (
			);
		};
/* End PBXSourcesBuildPhase section */

/* Begin PBXTargetDependency section */
		044DF5333073F95800938D87 /* PBXTargetDependency */ = {
			isa = PBXTargetDependency;
			target = 044DF5233073F95500938D87 /* VASample */;
			targetProxy = 044DF5323073F95800938D87 /* PBXContainerItemProxy */;
		};
		044DF53D3073F95800938D87 /* PBXTargetDependency */ = {
			isa = PBXTargetDependency;
			target = 044DF5233073F95500938D87 /* VASample */;
			targetProxy = 044DF53C3073F95800938D87 /* PBXContainerItemProxy */;
		};
/* End PBXTargetDependency section */

/* Begin XCBuildConfiguration section */
		044DF5413073F95800938D87 /* Debug configuration for PBXProject "VASample" */ = {
			isa = XCBuildConfiguration;
			buildSettings = {
				ALWAYS_SEARCH_USER_PATHS = NO;
				ASSETCATALOG_COMPILER_GENERATE_SWIFT_ASSET_SYMBOL_EXTENSIONS = YES;
				CLANG_ANALYZER_NONNULL = YES;
				CLANG_ANALYZER_NUMBER_OBJECT_CONVERSION = YES_AGGRESSIVE;
				CLANG_CXX_LANGUAGE_STANDARD = "gnu++20";
				CLANG_ENABLE_MODULES = YES;
				CLANG_ENABLE_OBJC_ARC = YES;
				CLANG_ENABLE_OBJC_WEAK = YES;
				CLANG_WARN_BLOCK_CAPTURE_AUTORELEASING = YES;
				CLANG_WARN_BOOL_CONVERSION = YES;
				CLANG_WARN_COMMA = YES;
				CLANG_WARN_CONSTANT_CONVERSION = YES;
				CLANG_WARN_DEPRECATED_OBJC_IMPLEMENTATIONS = YES;
				CLANG_WARN_DIRECT_OBJC_ISA_USAGE = YES_ERROR;
				CLANG_WARN_DOCUMENTATION_COMMENTS = YES;
				CLANG_WARN_EMPTY_BODY = YES;
				CLANG_WARN_ENUM_CONVERSION = YES;
				CLANG_WARN_INFINITE_RECURSION = YES;
				CLANG_WARN_INT_CONVERSION = YES;
				CLANG_WARN_NON_LITERAL_NULL_CONVERSION = YES;
				CLANG_WARN_OBJC_IMPLICIT_RETAIN_SELF = YES;
				CLANG_WARN_OBJC_LITERAL_CONVERSION = YES;
				CLANG_WARN_OBJC_ROOT_CLASS = YES_ERROR;
				CLANG_WARN_QUOTED_INCLUDE_IN_FRAMEWORK_HEADER = YES;
				CLANG_WARN_RANGE_LOOP_ANALYSIS = YES;
				CLANG_WARN_STRICT_PROTOTYPES = YES;
				CLANG_WARN_SUSPICIOUS_MOVE = YES;
				CLANG_WARN_UNGUARDED_AVAILABILITY = YES_AGGRESSIVE;
				CLANG_WARN_UNREACHABLE_CODE = YES;
				CLANG_WARN__DUPLICATE_METHOD_MATCH = YES;
				COPY_PHASE_STRIP = NO;
				DEBUG_INFORMATION_FORMAT = dwarf;
				DEVELOPMENT_TEAM = YNTCVVR39C;
				ENABLE_STRICT_OBJC_MSGSEND = YES;
				ENABLE_TESTABILITY = YES;
				ENABLE_USER_SCRIPT_SANDBOXING = YES;
				GCC_C_LANGUAGE_STANDARD = gnu17;
				GCC_DYNAMIC_NO_PIC = NO;
				GCC_NO_COMMON_BLOCKS = YES;
				GCC_OPTIMIZATION_LEVEL = 0;
				GCC_PREPROCESSOR_DEFINITIONS = (
					"DEBUG=1",
					"$(inherited)",
				);
				GCC_WARN_64_TO_32_BIT_CONVERSION = YES;
				GCC_WARN_ABOUT_RETURN_TYPE = YES_ERROR;
				GCC_WARN_UNDECLARED_SELECTOR = YES;
				GCC_WARN_UNINITIALIZED_AUTOS = YES_AGGRESSIVE;
				GCC_WARN_UNUSED_FUNCTION = YES;
				GCC_WARN_UNUSED_VARIABLE = YES;
				IPHONEOS_DEPLOYMENT_TARGET = 27.0;
				LOCALIZATION_PREFERS_STRING_CATALOGS = YES;
				MTL_ENABLE_DEBUG_INFO = INCLUDE_SOURCE;
				MTL_FAST_MATH = YES;
				ONLY_ACTIVE_ARCH = YES;
				SDKROOT = iphoneos;
				SWIFT_ACTIVE_COMPILATION_CONDITIONS = "DEBUG $(inherited)";
				SWIFT_OPTIMIZATION_LEVEL = "-Onone";
			};
			name = Debug;
		};
		044DF5423073F95800938D87 /* Release configuration for PBXProject "VASample" */ = {
			isa = XCBuildConfiguration;
			buildSettings = {
				ALWAYS_SEARCH_USER_PATHS = NO;
				ASSETCATALOG_COMPILER_GENERATE_SWIFT_ASSET_SYMBOL_EXTENSIONS = YES;
				CLANG_ANALYZER_NONNULL = YES;
				CLANG_ANALYZER_NUMBER_OBJECT_CONVERSION = YES_AGGRESSIVE;
				CLANG_CXX_LANGUAGE_STANDARD = "gnu++20";
				CLANG_ENABLE_MODULES = YES;
				CLANG_ENABLE_OBJC_ARC = YES;
				CLANG_ENABLE_OBJC_WEAK = YES;
				CLANG_WARN_BLOCK_CAPTURE_AUTORELEASING = YES;
				CLANG_WARN_BOOL_CONVERSION = YES;
				CLANG_WARN_COMMA = YES;
				CLANG_WARN_CONSTANT_CONVERSION = YES;
				CLANG_WARN_DEPRECATED_OBJC_IMPLEMENTATIONS = YES;
				CLANG_WARN_DIRECT_OBJC_ISA_USAGE = YES_ERROR;
				CLANG_WARN_DOCUMENTATION_COMMENTS = YES;
				CLANG_WARN_EMPTY_BODY = YES;
				CLANG_WARN_ENUM_CONVERSION = YES;
				CLANG_WARN_INFINITE_RECURSION = YES;
				CLANG_WARN_INT_CONVERSION = YES;
				CLANG_WARN_NON_LITERAL_NULL_CONVERSION = YES;
				CLANG_WARN_OBJC_IMPLICIT_RETAIN_SELF = YES;
				CLANG_WARN_OBJC_LITERAL_CONVERSION = YES;
				CLANG_WARN_OBJC_ROOT_CLASS = YES_ERROR;
				CLANG_WARN_QUOTED_INCLUDE_IN_FRAMEWORK_HEADER = YES;
				CLANG_WARN_RANGE_LOOP_ANALYSIS = YES;
				CLANG_WARN_STRICT_PROTOTYPES = YES;
				CLANG_WARN_SUSPICIOUS_MOVE = YES;
				CLANG_WARN_UNGUARDED_AVAILABILITY = YES_AGGRESSIVE;
				CLANG_WARN_UNREACHABLE_CODE = YES;
				CLANG_WARN__DUPLICATE_METHOD_MATCH = YES;
				COPY_PHASE_STRIP = NO;
				DEBUG_INFORMATION_FORMAT = "dwarf-with-dsym";
				DEVELOPMENT_TEAM = YNTCVVR39C;
				ENABLE_NS_ASSERTIONS = NO;
				ENABLE_STRICT_OBJC_MSGSEND = YES;
				ENABLE_USER_SCRIPT_SANDBOXING = YES;
				GCC_C_LANGUAGE_STANDARD = gnu17;
				GCC_NO_COMMON_BLOCKS = YES;
				GCC_WARN_64_TO_32_BIT_CONVERSION = YES;
				GCC_WARN_ABOUT_RETURN_TYPE = YES_ERROR;
				GCC_WARN_UNDECLARED_SELECTOR = YES;
				GCC_WARN_UNINITIALIZED_AUTOS = YES_AGGRESSIVE;
				GCC_WARN_UNUSED_FUNCTION = YES;
				GCC_WARN_UNUSED_VARIABLE = YES;
				IPHONEOS_DEPLOYMENT_TARGET = 27.0;
				LOCALIZATION_PREFERS_STRING_CATALOGS = YES;
				MTL_ENABLE_DEBUG_INFO = NO;
				MTL_FAST_MATH = YES;
				SDKROOT = iphoneos;
				SWIFT_COMPILATION_MODE = wholemodule;
				VALIDATE_PRODUCT = YES;
			};
			name = Release;
		};
		044DF5443073F95800938D87 /* Debug configuration for PBXNativeTarget "VASample" */ = {
			isa = XCBuildConfiguration;
			buildSettings = {
				ASSETCATALOG_COMPILER_APPICON_NAME = AppIcon;
				ASSETCATALOG_COMPILER_GLOBAL_ACCENT_COLOR_NAME = AccentColor;
				CODE_SIGN_STYLE = Automatic;
				CURRENT_PROJECT_VERSION = 1;
				DEVELOPMENT_TEAM = YNTCVVR39C;
				ENABLE_PREVIEWS = YES;
				GENERATE_INFOPLIST_FILE = YES;
				INFOPLIST_KEY_UIApplicationSceneManifest_Generation = YES;
				INFOPLIST_KEY_UIApplicationSupportsIndirectInputEvents = YES;
				INFOPLIST_KEY_UILaunchScreen_Generation = YES;
				INFOPLIST_KEY_UISupportedInterfaceOrientations_iPad = "UIInterfaceOrientationPortrait UIInterfaceOrientationPortraitUpsideDown UIInterfaceOrientationLandscapeLeft UIInterfaceOrientationLandscapeRight";
				INFOPLIST_KEY_UISupportedInterfaceOrientations_iPhone = "UIInterfaceOrientationPortrait UIInterfaceOrientationLandscapeLeft UIInterfaceOrientationLandscapeRight";
				LD_RUNPATH_SEARCH_PATHS = (
					"$(inherited)",
					"@executable_path/Frameworks",
				);
				MARKETING_VERSION = 1.0;
				PRODUCT_BUNDLE_IDENTIFIER = kung.va.assessment.VASample;
				PRODUCT_NAME = "$(TARGET_NAME)";
				STRING_CATALOG_GENERATE_SYMBOLS = YES;
				SWIFT_APPROACHABLE_CONCURRENCY = YES;
				SWIFT_DEFAULT_ACTOR_ISOLATION = MainActor;
				SWIFT_EMIT_LOC_STRINGS = YES;
				SWIFT_UPCOMING_FEATURE_MEMBER_IMPORT_VISIBILITY = YES;
				SWIFT_VERSION = 5.0;
				TARGETED_DEVICE_FAMILY = "1,2";
			};
			name = Debug;
		};
		044DF5453073F95800938D87 /* Release configuration for PBXNativeTarget "VASample" */ = {
			isa = XCBuildConfiguration;
			buildSettings = {
				ASSETCATALOG_COMPILER_APPICON_NAME = AppIcon;
				ASSETCATALOG_COMPILER_GLOBAL_ACCENT_COLOR_NAME = AccentColor;
				CODE_SIGN_STYLE = Automatic;
				CURRENT_PROJECT_VERSION = 1;
				DEVELOPMENT_TEAM = YNTCVVR39C;
				ENABLE_PREVIEWS = YES;
				GENERATE_INFOPLIST_FILE = YES;
				INFOPLIST_KEY_UIApplicationSceneManifest_Generation = YES;
				INFOPLIST_KEY_UIApplicationSupportsIndirectInputEvents = YES;
				INFOPLIST_KEY_UILaunchScreen_Generation = YES;
				INFOPLIST_KEY_UISupportedInterfaceOrientations_iPad = "UIInterfaceOrientationPortrait UIInterfaceOrientationPortraitUpsideDown UIInterfaceOrientationLandscapeLeft UIInterfaceOrientationLandscapeRight";
				INFOPLIST_KEY_UISupportedInterfaceOrientations_iPhone = "UIInterfaceOrientationPortrait UIInterfaceOrientationLandscapeLeft UIInterfaceOrientationLandscapeRight";
				LD_RUNPATH_SEARCH_PATHS = (
					"$(inherited)",
					"@executable_path/Frameworks",
				);
				MARKETING_VERSION = 1.0;
				PRODUCT_BUNDLE_IDENTIFIER = kung.va.assessment.VASample;
				PRODUCT_NAME = "$(TARGET_NAME)";
				STRING_CATALOG_GENERATE_SYMBOLS = YES;
				SWIFT_APPROACHABLE_CONCURRENCY = YES;
				SWIFT_DEFAULT_ACTOR_ISOLATION = MainActor;
				SWIFT_EMIT_LOC_STRINGS = YES;
				SWIFT_UPCOMING_FEATURE_MEMBER_IMPORT_VISIBILITY = YES;
				SWIFT_VERSION = 5.0;
				TARGETED_DEVICE_FAMILY = "1,2";
			};
			name = Release;
		};
		044DF5473073F95800938D87 /* Debug configuration for PBXNativeTarget "VASampleTests" */ = {
			isa = XCBuildConfiguration;
			buildSettings = {
				BUNDLE_LOADER = "$(TEST_HOST)";
				CODE_SIGN_STYLE = Automatic;
				CURRENT_PROJECT_VERSION = 1;
				DEVELOPMENT_TEAM = YNTCVVR39C;
				GENERATE_INFOPLIST_FILE = YES;
				IPHONEOS_DEPLOYMENT_TARGET = 27.0;
				MARKETING_VERSION = 1.0;
				PRODUCT_BUNDLE_IDENTIFIER = kung.va.assessment.VASampleTests;
				PRODUCT_NAME = "$(TARGET_NAME)";
				STRING_CATALOG_GENERATE_SYMBOLS = NO;
				SWIFT_APPROACHABLE_CONCURRENCY = YES;
				SWIFT_EMIT_LOC_STRINGS = NO;
				SWIFT_UPCOMING_FEATURE_MEMBER_IMPORT_VISIBILITY = YES;
				SWIFT_VERSION = 5.0;
				TARGETED_DEVICE_FAMILY = "1,2";
				TEST_HOST = "$(BUILT_PRODUCTS_DIR)/VASample.app/$(BUNDLE_EXECUTABLE_FOLDER_PATH)/VASample";
			};
			name = Debug;
		};
		044DF5483073F95800938D87 /* Release configuration for PBXNativeTarget "VASampleTests" */ = {
			isa = XCBuildConfiguration;
			buildSettings = {
				BUNDLE_LOADER = "$(TEST_HOST)";
				CODE_SIGN_STYLE = Automatic;
				CURRENT_PROJECT_VERSION = 1;
				DEVELOPMENT_TEAM = YNTCVVR39C;
				GENERATE_INFOPLIST_FILE = YES;
				IPHONEOS_DEPLOYMENT_TARGET = 27.0;
				MARKETING_VERSION = 1.0;
				PRODUCT_BUNDLE_IDENTIFIER = kung.va.assessment.VASampleTests;
				PRODUCT_NAME = "$(TARGET_NAME)";
				STRING_CATALOG_GENERATE_SYMBOLS = NO;
				SWIFT_APPROACHABLE_CONCURRENCY = YES;
				SWIFT_EMIT_LOC_STRINGS = NO;
				SWIFT_UPCOMING_FEATURE_MEMBER_IMPORT_VISIBILITY = YES;
				SWIFT_VERSION = 5.0;
				TARGETED_DEVICE_FAMILY = "1,2";
				TEST_HOST = "$(BUILT_PRODUCTS_DIR)/VASample.app/$(BUNDLE_EXECUTABLE_FOLDER_PATH)/VASample";
			};
			name = Release;
		};
		044DF54A3073F95800938D87 /* Debug configuration for PBXNativeTarget "VASampleUITests" */ = {
			isa = XCBuildConfiguration;
			buildSettings = {
				CODE_SIGN_STYLE = Automatic;
				CURRENT_PROJECT_VERSION = 1;
				DEVELOPMENT_TEAM = YNTCVVR39C;
				GENERATE_INFOPLIST_FILE = YES;
				MARKETING_VERSION = 1.0;
				PRODUCT_BUNDLE_IDENTIFIER = kung.va.assessment.VASampleUITests;
				PRODUCT_NAME = "$(TARGET_NAME)";
				STRING_CATALOG_GENERATE_SYMBOLS = NO;
				SWIFT_APPROACHABLE_CONCURRENCY = YES;
				SWIFT_EMIT_LOC_STRINGS = NO;
				SWIFT_UPCOMING_FEATURE_MEMBER_IMPORT_VISIBILITY = YES;
				SWIFT_VERSION = 5.0;
				TARGETED_DEVICE_FAMILY = "1,2";
				TEST_TARGET_NAME = VASample;
			};
			name = Debug;
		};
		044DF54B3073F95800938D87 /* Release configuration for PBXNativeTarget "VASampleUITests" */ = {
			isa = XCBuildConfiguration;
			buildSettings = {
				CODE_SIGN_STYLE = Automatic;
				CURRENT_PROJECT_VERSION = 1;
				DEVELOPMENT_TEAM = YNTCVVR39C;
				GENERATE_INFOPLIST_FILE = YES;
				MARKETING_VERSION = 1.0;
				PRODUCT_BUNDLE_IDENTIFIER = kung.va.assessment.VASampleUITests;
				PRODUCT_NAME = "$(TARGET_NAME)";
				STRING_CATALOG_GENERATE_SYMBOLS = NO;
				SWIFT_APPROACHABLE_CONCURRENCY = YES;
				SWIFT_EMIT_LOC_STRINGS = NO;
				SWIFT_UPCOMING_FEATURE_MEMBER_IMPORT_VISIBILITY = YES;
				SWIFT_VERSION = 5.0;
				TARGETED_DEVICE_FAMILY = "1,2";
				TEST_TARGET_NAME = VASample;
			};
			name = Release;
		};
/* End XCBuildConfiguration section */

/* Begin XCConfigurationList section */
		044DF51F3073F95500938D87 /* Build configuration list for PBXProject "VASample" */ = {
			isa = XCConfigurationList;
			buildConfigurations = (
				044DF5413073F95800938D87 /* Debug configuration for PBXProject "VASample" */,
				044DF5423073F95800938D87 /* Release configuration for PBXProject "VASample" */,
			);
			defaultConfigurationName = Release;
		};
		044DF5433073F95800938D87 /* Build configuration list for PBXNativeTarget "VASample" */ = {
			isa = XCConfigurationList;
			buildConfigurations = (
				044DF5443073F95800938D87 /* Debug configuration for PBXNativeTarget "VASample" */,
				044DF5453073F95800938D87 /* Release configuration for PBXNativeTarget "VASample" */,
			);
			defaultConfigurationName = Release;
		};
		044DF5463073F95800938D87 /* Build configuration list for PBXNativeTarget "VASampleTests" */ = {
			isa = XCConfigurationList;
			buildConfigurations = (
				044DF5473073F95800938D87 /* Debug configuration for PBXNativeTarget "VASampleTests" */,
				044DF5483073F95800938D87 /* Release configuration for PBXNativeTarget "VASampleTests" */,
			);
			defaultConfigurationName = Release;
		};
		044DF5493073F95800938D87 /* Build configuration list for PBXNativeTarget "VASampleUITests" */ = {
			isa = XCConfigurationList;
			buildConfigurations = (
				044DF54A3073F95800938D87 /* Debug configuration for PBXNativeTarget "VASampleUITests" */,
				044DF54B3073F95800938D87 /* Release configuration for PBXNativeTarget "VASampleUITests" */,
			);
			defaultConfigurationName = Release;
		};
/* End XCConfigurationList section */
	};
	rootObject = 044DF51C3073F95500938D87 /* Project object */;
	validationLevel = 1;
}
